
Microsoft Visual Studio Solution File, Format Version 12.00
# Visual Studio Version 17
VisualStudioVersion = 17.6.33712.159
MinimumVisualStudioVersion = 10.0.40219.1
Project("{54A90642-561A-4BB1-A94E-469ADEE60C69}") = "Forecast", "Forecast.esproj", "{C3389D6E-19F1-4813-9AC1-306633E994BD}"
EndProject
Global
	GlobalSection(SolutionConfigurationPlatforms) = preSolution
		Debug|Any CPU = Debug|Any CPU
		Release|Any CPU = Release|Any CPU
	EndGlobalSection
	GlobalSection(ProjectConfigurationPlatforms) = postSolution
		{C3389D6E-19F1-4813-9AC1-306633E994BD}.Debug|Any CPU.ActiveCfg = Debug|Any CPU
		{C3389D6E-19F1-4813-9AC1-306633E994BD}.Debug|Any CPU.Build.0 = Debug|Any CPU
		{C3389D6E-19F1-4813-9AC1-306633E994BD}.Debug|Any CPU.Deploy.0 = Debug|Any CPU
		{C3389D6E-19F1-4813-9AC1-306633E994BD}.Release|Any CPU.ActiveCfg = Release|Any CPU
		{C3389D6E-19F1-4813-9AC1-306633E994BD}.Release|Any CPU.Build.0 = Release|Any CPU
		{C3389D6E-19F1-4813-9AC1-306633E994BD}.Release|Any CPU.Deploy.0 = Release|Any CPU
	EndGlobalSection
	GlobalSection(SolutionProperties) = preSolution
		HideSolutionNode = FALSE
	EndGlobalSection
	GlobalSection(ExtensibilityGlobals) = postSolution
		SolutionGuid = {5E0FC56B-0DEA-4324-BD49-5107D7B1865D}
	EndGlobalSection
EndGlobal
